Microsoft Visual Studio Solution File, Format Version 12.00
# Visual Studio Version 17
VisualStudioVersion = 17.5.2.0
MinimumVisualStudioVersion = 10.0.40219.1
Project("{FAE04EC0-301F-11D3-BF4B-00C04F79EFBC}") = "Clase_10", "Clase_10.csproj", "{349B56A0-FC22-F072-CACD-EBF359F2D012}"
EndProject
Global
	GlobalSection(SolutionConfigurationPlatforms) = preSolution
		Debug|Any CPU = Debug|Any CPU
		Release|Any CPU = Release|Any CPU
	EndGlobalSection
	GlobalSection(ProjectConfigurationPlatforms) = postSolution
		{349B56A0-FC22-F072-CACD-EBF359F2D012}.Debug|Any CPU.ActiveCfg = Debug|Any CPU
		{349B56A0-FC22-F072-CACD-EBF359F2D012}.Debug|Any CPU.Build.0 = Debug|Any CPU
		{349B56A0-FC22-F072-CACD-EBF359F2D012}.Release|Any CPU.ActiveCfg = Release|Any CPU
		{349B56A0-FC22-F072-CACD-EBF359F2D012}.Release|Any CPU.Build.0 = Release|Any CPU
	EndGlobalSection
	GlobalSection(SolutionProperties) = preSolution
		HideSolutionNode = FALSE
	EndGlobalSection
	GlobalSection(ExtensibilityGlobals) = postSolution
		SolutionGuid = {1FD8F99B-907B-476D-B4F0-4147A85EC4ED}
	EndGlobalSection
EndGlobal
