Microsoft Visual Studio Solution File, Format Version 12.00
# Visual Studio Version 17
VisualStudioVersion = 17.5.2.0
MinimumVisualStudioVersion = 10.0.40219.1
Project("{FAE04EC0-301F-11D3-BF4B-00C04F79EFBC}") = "Clase_8", "Clase_8.csproj", "{78995670-64F7-5BED-7E03-FA5E05DBBBE5}"
EndProject
Global
	GlobalSection(SolutionConfigurationPlatforms) = preSolution
		Debug|Any CPU = Debug|Any CPU
		Release|Any CPU = Release|Any CPU
	EndGlobalSection
	GlobalSection(ProjectConfigurationPlatforms) = postSolution
		{78995670-64F7-5BED-7E03-FA5E05DBBBE5}.Debug|Any CPU.ActiveCfg = Debug|Any CPU
		{78995670-64F7-5BED-7E03-FA5E05DBBBE5}.Debug|Any CPU.Build.0 = Debug|Any CPU
		{78995670-64F7-5BED-7E03-FA5E05DBBBE5}.Release|Any CPU.ActiveCfg = Release|Any CPU
		{78995670-64F7-5BED-7E03-FA5E05DBBBE5}.Release|Any CPU.Build.0 = Release|Any CPU
	EndGlobalSection
	GlobalSection(SolutionProperties) = preSolution
		HideSolutionNode = FALSE
	EndGlobalSection
	GlobalSection(ExtensibilityGlobals) = postSolution
		SolutionGuid = {2439357D-9D26-4BB0-90B1-5C1774B11A9E}
	EndGlobalSection
EndGlobal
